
Microsoft Visual Studio Solution File, Format Version 12.00
Project("{2150E333-8FDC-42A3-9474-1A3956D46DE8}") = "src", "src", "{FD0EBD38-A986-45F7-B011-C9273AD368CF}"
EndProject
Project("{2150E333-8FDC-42A3-9474-1A3956D46DE8}") = "tests", "tests", "{1947F67E-2D2C-4682-9E2A-62BD1CA21AA6}"
EndProject
Project("{FAE04EC0-301F-11D3-BF4B-00C04F79EFBC}") = "Skimart.Domain", "src\Skimart.Domain\Skimart.Domain.csproj", "{100308B6-783B-4FAC-8D22-8DC97AD58E9F}"
EndProject
Project("{FAE04EC0-301F-11D3-BF4B-00C04F79EFBC}") = "Skimart.Application", "src\Skimart.Application\Skimart.Application.csproj", "{A185ACD6-FA6D-41F6-A2D2-12D5C71F871C}"
EndProject
Project("{FAE04EC0-301F-11D3-BF4B-00C04F79EFBC}") = "Skimart.Infrastructure", "src\Skimart.Infrastructure\Skimart.Infrastructure.csproj", "{AA7AD78A-FC29-4D43-B136-33F964D7B6F3}"
EndProject
Project("{FAE04EC0-301F-11D3-BF4B-00C04F79EFBC}") = "Skimart.Api", "src\Skimart.Api\Skimart.Api.csproj", "{54D574A8-334A-4414-BEB5-30267B9201D5}"
EndProject
Project("{FAE04EC0-301F-11D3-BF4B-00C04F79EFBC}") = "Skimart.Application.UnitTests", "tests\Skimart.Application.UnitTests\Skimart.Application.UnitTests.csproj", "{4F94C813-C3C3-4A84-B59B-AC72F9339508}"
EndProject
Project("{FAE04EC0-301F-11D3-BF4B-00C04F79EFBC}") = "Skimart.Contracts", "src\Skimart.Contracts\Skimart.Contracts.csproj", "{05B952E4-0EA9-41A2-8E5D-1590470A7C63}"
EndProject
Project("{FAE04EC0-301F-11D3-BF4B-00C04F79EFBC}") = "Skimart.Testing", "tests\Skimart.Testing\Skimart.Testing.csproj", "{B638E754-EC8B-4A6A-89D4-B5B08B8DCA18}"
EndProject
Project("{FAE04EC0-301F-11D3-BF4B-00C04F79EFBC}") = "Skimart.Infrastructure.UnitTests", "tests\Skimart.Infrastructure.UnitTests\Skimart.Infrastructure.UnitTests.csproj", "{33616DEE-3C12-4FB1-A041-10D842000CBB}"
EndProject
Project("{FAE04EC0-301F-11D3-BF4B-00C04F79EFBC}") = "Skimart.Domain.UnitTests", "tests\Skimart.Domain.UnitTests\Skimart.Domain.UnitTests.csproj", "{305AC82C-EBAD-49DE-917E-27F55B30F5EC}"
EndProject
Global
	GlobalSection(SolutionConfigurationPlatforms) = preSolution
		Debug|Any CPU = Debug|Any CPU
		Release|Any CPU = Release|Any CPU
	EndGlobalSection
	GlobalSection(NestedProjects) = preSolution
		{100308B6-783B-4FAC-8D22-8DC97AD58E9F} = {FD0EBD38-A986-45F7-B011-C9273AD368CF}
		{A185ACD6-FA6D-41F6-A2D2-12D5C71F871C} = {FD0EBD38-A986-45F7-B011-C9273AD368CF}
		{AA7AD78A-FC29-4D43-B136-33F964D7B6F3} = {FD0EBD38-A986-45F7-B011-C9273AD368CF}
		{54D574A8-334A-4414-BEB5-30267B9201D5} = {FD0EBD38-A986-45F7-B011-C9273AD368CF}
		{4F94C813-C3C3-4A84-B59B-AC72F9339508} = {1947F67E-2D2C-4682-9E2A-62BD1CA21AA6}
		{05B952E4-0EA9-41A2-8E5D-1590470A7C63} = {FD0EBD38-A986-45F7-B011-C9273AD368CF}
		{B638E754-EC8B-4A6A-89D4-B5B08B8DCA18} = {1947F67E-2D2C-4682-9E2A-62BD1CA21AA6}
		{33616DEE-3C12-4FB1-A041-10D842000CBB} = {1947F67E-2D2C-4682-9E2A-62BD1CA21AA6}
		{305AC82C-EBAD-49DE-917E-27F55B30F5EC} = {1947F67E-2D2C-4682-9E2A-62BD1CA21AA6}
	EndGlobalSection
	GlobalSection(ProjectConfigurationPlatforms) = postSolution
		{100308B6-783B-4FAC-8D22-8DC97AD58E9F}.Debug|Any CPU.ActiveCfg = Debug|Any CPU
		{100308B6-783B-4FAC-8D22-8DC97AD58E9F}.Debug|Any CPU.Build.0 = Debug|Any CPU
		{100308B6-783B-4FAC-8D22-8DC97AD58E9F}.Release|Any CPU.ActiveCfg = Release|Any CPU
		{100308B6-783B-4FAC-8D22-8DC97AD58E9F}.Release|Any CPU.Build.0 = Release|Any CPU
		{A185ACD6-FA6D-41F6-A2D2-12D5C71F871C}.Debug|Any CPU.ActiveCfg = Debug|Any CPU
		{A185ACD6-FA6D-41F6-A2D2-12D5C71F871C}.Debug|Any CPU.Build.0 = Debug|Any CPU
		{A185ACD6-FA6D-41F6-A2D2-12D5C71F871C}.Release|Any CPU.ActiveCfg = Release|Any CPU
		{A185ACD6-FA6D-41F6-A2D2-12D5C71F871C}.Release|Any CPU.Build.0 = Release|Any CPU
		{AA7AD78A-FC29-4D43-B136-33F964D7B6F3}.Debug|Any CPU.ActiveCfg = Debug|Any CPU
		{AA7AD78A-FC29-4D43-B136-33F964D7B6F3}.Debug|Any CPU.Build.0 = Debug|Any CPU
		{AA7AD78A-FC29-4D43-B136-33F964D7B6F3}.Release|Any CPU.ActiveCfg = Release|Any CPU
		{AA7AD78A-FC29-4D43-B136-33F964D7B6F3}.Release|Any CPU.Build.0 = Release|Any CPU
		{54D574A8-334A-4414-BEB5-30267B9201D5}.Debug|Any CPU.ActiveCfg = Debug|Any CPU
		{54D574A8-334A-4414-BEB5-30267B9201D5}.Debug|Any CPU.Build.0 = Debug|Any CPU
		{54D574A8-334A-4414-BEB5-30267B9201D5}.Release|Any CPU.ActiveCfg = Release|Any CPU
		{54D574A8-334A-4414-BEB5-30267B9201D5}.Release|Any CPU.Build.0 = Release|Any CPU
		{4F94C813-C3C3-4A84-B59B-AC72F9339508}.Debug|Any CPU.ActiveCfg = Debug|Any CPU
		{4F94C813-C3C3-4A84-B59B-AC72F9339508}.Debug|Any CPU.Build.0 = Debug|Any CPU
		{4F94C813-C3C3-4A84-B59B-AC72F9339508}.Release|Any CPU.ActiveCfg = Release|Any CPU
		{4F94C813-C3C3-4A84-B59B-AC72F9339508}.Release|Any CPU.Build.0 = Release|Any CPU
		{05B952E4-0EA9-41A2-8E5D-1590470A7C63}.Debug|Any CPU.ActiveCfg = Debug|Any CPU
		{05B952E4-0EA9-41A2-8E5D-1590470A7C63}.Debug|Any CPU.Build.0 = Debug|Any CPU
		{05B952E4-0EA9-41A2-8E5D-1590470A7C63}.Release|Any CPU.ActiveCfg = Release|Any CPU
		{05B952E4-0EA9-41A2-8E5D-1590470A7C63}.Release|Any CPU.Build.0 = Release|Any CPU
		{B638E754-EC8B-4A6A-89D4-B5B08B8DCA18}.Debug|Any CPU.ActiveCfg = Debug|Any CPU
		{B638E754-EC8B-4A6A-89D4-B5B08B8DCA18}.Debug|Any CPU.Build.0 = Debug|Any CPU
		{B638E754-EC8B-4A6A-89D4-B5B08B8DCA18}.Release|Any CPU.ActiveCfg = Release|Any CPU
		{B638E754-EC8B-4A6A-89D4-B5B08B8DCA18}.Release|Any CPU.Build.0 = Release|Any CPU
		{33616DEE-3C12-4FB1-A041-10D842000CBB}.Debug|Any CPU.ActiveCfg = Debug|Any CPU
		{33616DEE-3C12-4FB1-A041-10D842000CBB}.Debug|Any CPU.Build.0 = Debug|Any CPU
		{33616DEE-3C12-4FB1-A041-10D842000CBB}.Release|Any CPU.ActiveCfg = Release|Any CPU
		{33616DEE-3C12-4FB1-A041-10D842000CBB}.Release|Any CPU.Build.0 = Release|Any CPU
		{305AC82C-EBAD-49DE-917E-27F55B30F5EC}.Debug|Any CPU.ActiveCfg = Debug|Any CPU
		{305AC82C-EBAD-49DE-917E-27F55B30F5EC}.Debug|Any CPU.Build.0 = Debug|Any CPU
		{305AC82C-EBAD-49DE-917E-27F55B30F5EC}.Release|Any CPU.ActiveCfg = Release|Any CPU
		{305AC82C-EBAD-49DE-917E-27F55B30F5EC}.Release|Any CPU.Build.0 = Release|Any CPU
	EndGlobalSection
EndGlobal
